
Microsoft Visual Studio Solution File, Format Version 12.00
# Visual Studio Version 16
VisualStudioVersion = 16.0.31729.503
MinimumVisualStudioVersion = 10.0.40219.1
Project("{FAE04EC0-301F-11D3-BF4B-00C04F79EFBC}") = "CkEditorAndFinder", "CkEditorAndFinder\CkEditorAndFinder.csproj", "{44A27237-87B5-4F4E-9639-4B019D3C4EB0}"
EndProject
Global
	GlobalSection(SolutionConfigurationPlatforms) = preSolution
		Debug|Any CPU = Debug|Any CPU
		Release|Any CPU = Release|Any CPU
	EndGlobalSection
	GlobalSection(ProjectConfigurationPlatforms) = postSolution
		{44A27237-87B5-4F4E-9639-4B019D3C4EB0}.Debug|Any CPU.ActiveCfg = Debug|Any CPU
		{44A27237-87B5-4F4E-9639-4B019D3C4EB0}.Debug|Any CPU.Build.0 = Debug|Any CPU
		{44A27237-87B5-4F4E-9639-4B019D3C4EB0}.Release|Any CPU.ActiveCfg = Release|Any CPU
		{44A27237-87B5-4F4E-9639-4B019D3C4EB0}.Release|Any CPU.Build.0 = Release|Any CPU
	EndGlobalSection
	GlobalSection(SolutionProperties) = preSolution
		HideSolutionNode = FALSE
	EndGlobalSection
	GlobalSection(ExtensibilityGlobals) = postSolution
		SolutionGuid = {91CEB8AF-DD10-4E33-A3EC-BB567E852259}
	EndGlobalSection
EndGlobal
